{
  "requires": true,
  "lockfileVersion": 1,
  "dependencies": {
    "@angular/animations": {
      "version": "9.1.1",
      "resolved": "https://registry.npmjs.org/@angular/animations/-/animations-9.1.1.tgz",
      "integrity": "sha512-IvKv8sV0ymbzDEX2ZLW+F6nOTQqDYallHexuzRVT9txvNE8TNHyySvLcyC5dTmX9fj9LA72NZ6nFyhxq0LFvtQ=="
    }
  }
}
